version: 4
environments:
  default:
    channels:
    - url: https://conda.anaconda.org/conda-forge/
    packages:
      linux-64:
      - conda: https://conda.anaconda.org/conda-forge/linux-64/_libgcc_mutex-0.1-conda_forge.tar.bz2
      - conda: https://conda.anaconda.org/conda-forge/linux-64/_openmp_mutex-4.5-2_gnu.tar.bz2
      - conda: https://conda.anaconda.org/conda-forge/linux-64/ca-certificates-2024.2.2-hbcca054_0.conda
      - conda: https://conda.anaconda.org/conda-forge/linux-64/libgcc-ng-13.2.0-hc881cc4_6.conda
      - conda: https://conda.anaconda.org/conda-forge/linux-64/libgomp-13.2.0-hc881cc4_6.conda
      - conda: https://conda.anaconda.org/conda-forge/linux-64/libstdcxx-ng-13.2.0-h95c4c6d_6.conda
      - conda: https://conda.anaconda.org/conda-forge/linux-64/openssl-3.2.1-hd590300_1.conda
      - conda: https://conda.anaconda.org/conda-forge/linux-64/rattler-build-0.15.0-h614bb76_0.conda
      osx-64:
      - conda: https://conda.anaconda.org/conda-forge/osx-64/libcxx-16.0.6-hd57cbcb_0.conda
      - conda: https://conda.anaconda.org/conda-forge/osx-64/rattler-build-0.15.0-hd81679c_0.conda
      osx-arm64:
      - conda: https://conda.anaconda.org/conda-forge/osx-arm64/libcxx-16.0.6-h4653b0c_0.conda
      - conda: https://conda.anaconda.org/conda-forge/osx-arm64/rattler-build-0.15.0-h2b8f702_0.conda
      win-64:
      - conda: https://conda.anaconda.org/conda-forge/win-64/rattler-build-0.15.0-h7ea99a0_0.conda
      - conda: https://conda.anaconda.org/conda-forge/win-64/ucrt-10.0.22621.0-h57928b3_0.tar.bz2
      - conda: https://conda.anaconda.org/conda-forge/win-64/vc-14.3-hcf57466_18.conda
      - conda: https://conda.anaconda.org/conda-forge/win-64/vc14_runtime-14.38.33130-h82b7239_18.conda
packages:
- kind: conda
  name: _libgcc_mutex
  version: '0.1'
  build: conda_forge
  subdir: linux-64
  url: https://conda.anaconda.org/conda-forge/linux-64/_libgcc_mutex-0.1-conda_forge.tar.bz2
  sha256: fe51de6107f9edc7aa4f786a70f4a883943bc9d39b3bb7307c04c41410990726
  md5: d7c89558ba9fa0495403155b64376d81
  license: None
  size: 2562
  timestamp: 1578324546067
- kind: conda
  name: _openmp_mutex
  version: '4.5'
  build: 2_gnu
  build_number: 16
  subdir: linux-64
  url: https://conda.anaconda.org/conda-forge/linux-64/_openmp_mutex-4.5-2_gnu.tar.bz2
  sha256: fbe2c5e56a653bebb982eda4876a9178aedfc2b545f25d0ce9c4c0b508253d22
  md5: 73aaf86a425cc6e73fcf236a5a46396d
  depends:
  - _libgcc_mutex 0.1 conda_forge
  - libgomp >=7.5.0
  constrains:
  - openmp_impl 9999
  license: BSD-3-Clause
  license_family: BSD
  size: 23621
  timestamp: 1650670423406
- kind: conda
  name: ca-certificates
  version: 2024.2.2
  build: hbcca054_0
  subdir: linux-64
  url: https://conda.anaconda.org/conda-forge/linux-64/ca-certificates-2024.2.2-hbcca054_0.conda
  sha256: 91d81bfecdbb142c15066df70cc952590ae8991670198f92c66b62019b251aeb
  md5: 2f4327a1cbe7f022401b236e915a5fef
  license: ISC
  size: 155432
  timestamp: 1706843687645
- kind: conda
  name: libcxx
  version: 16.0.6
  build: h4653b0c_0
  subdir: osx-arm64
  url: https://conda.anaconda.org/conda-forge/osx-arm64/libcxx-16.0.6-h4653b0c_0.conda
  sha256: 11d3fb51c14832d9e4f6d84080a375dec21ea8a3a381a1910e67ff9cedc20355
  md5: 9d7d724faf0413bf1dbc5a85935700c8
  license: Apache-2.0 WITH LLVM-exception
  license_family: Apache
  size: 1160232
  timestamp: 1686896993785
- kind: conda
  name: libcxx
  version: 16.0.6
  build: hd57cbcb_0
  subdir: osx-64
  url: https://conda.anaconda.org/conda-forge/osx-64/libcxx-16.0.6-hd57cbcb_0.conda
  sha256: 9063271847cf05f3a6cc6cae3e7f0ced032ab5f3a3c9d3f943f876f39c5c2549
  md5: 7d6972792161077908b62971802f289a
  license: Apache-2.0 WITH LLVM-exception
  license_family: Apache
  size: 1142172
  timestamp: 1686896907750
- kind: conda
  name: libgcc-ng
  version: 13.2.0
  build: hc881cc4_6
  build_number: 6
  subdir: linux-64
  url: https://conda.anaconda.org/conda-forge/linux-64/libgcc-ng-13.2.0-hc881cc4_6.conda
  sha256: 836a0057525f1414de43642d357d0ab21ac7f85e24800b010dbc17d132e6efec
  md5: df88796bd09a0d2ed292e59101478ad8
  depends:
  - _libgcc_mutex 0.1 conda_forge
  - _openmp_mutex >=4.5
  constrains:
  - libgomp 13.2.0 hc881cc4_6
  license: GPL-3.0-only WITH GCC-exception-3.1
  size: 777315
  timestamp: 1713755001744
- kind: conda
  name: libgomp
  version: 13.2.0
  build: hc881cc4_6
  build_number: 6
  subdir: linux-64
  url: https://conda.anaconda.org/conda-forge/linux-64/libgomp-13.2.0-hc881cc4_6.conda
  sha256: e722b19b23b31a14b1592d5eceabb38dc52452ff5e4d346e330526971c22e52a
  md5: aae89d3736661c36a5591788aebd0817
  depends:
  - _libgcc_mutex 0.1 conda_forge
  license: GPL-3.0-only WITH GCC-exception-3.1
  size: 422363
  timestamp: 1713754915251
- kind: conda
  name: libstdcxx-ng
  version: 13.2.0
  build: h95c4c6d_6
  build_number: 6
  subdir: linux-64
  url: https://conda.anaconda.org/conda-forge/linux-64/libstdcxx-ng-13.2.0-h95c4c6d_6.conda
  sha256: 2616dbf9d28431eea20b6e307145c6a92ea0328a047c725ff34b0316de2617da
  md5: 3cfab3e709f77e9f1b3d380eb622494a
  license: GPL-3.0-only WITH GCC-exception-3.1
  size: 3842900
  timestamp: 1713755068572
- kind: conda
  name: openssl
  version: 3.2.1
  build: hd590300_1
  build_number: 1
  subdir: linux-64
  url: https://conda.anaconda.org/conda-forge/linux-64/openssl-3.2.1-hd590300_1.conda
  sha256: 2c689444ed19a603be457284cf2115ee728a3fafb7527326e96054dee7cdc1a7
  md5: 9d731343cff6ee2e5a25c4a091bf8e2a
  depends:
  - ca-certificates
  - libgcc-ng >=12
  constrains:
  - pyopenssl >=22.1
  license: Apache-2.0
  license_family: Apache
  size: 2865379
  timestamp: 1710793235846
- kind: conda
  name: rattler-build
  version: 0.15.0
  build: h2b8f702_0
  subdir: osx-arm64
  url: https://conda.anaconda.org/conda-forge/osx-arm64/rattler-build-0.15.0-h2b8f702_0.conda
  sha256: 4fd077a49b920ba15fc9446471fb1edddcf9c638eb77f2a504fe25f2424aa7a2
  md5: 5f1437b3e04e7b9b140d87364d3f892d
  depends:
  - libcxx >=16
  constrains:
  - __osx >=11.0
  license: BSD-3-Clause
  license_family: BSD
  size: 7583997
  timestamp: 1713391566597
- kind: conda
  name: rattler-build
  version: 0.15.0
  build: h614bb76_0
  subdir: linux-64
  url: https://conda.anaconda.org/conda-forge/linux-64/rattler-build-0.15.0-h614bb76_0.conda
  sha256: 6f0fdf6e4cbb8416df982e4814e112c0e26a8eb9e6184a640e5ff155a9063796
  md5: 7e5875d2427c0c38a399648036583647
  depends:
  - libgcc-ng >=12
  - libstdcxx-ng >=12
  - openssl >=3.2.1,<4.0a0
  license: BSD-3-Clause
  license_family: BSD
  size: 9921940
  timestamp: 1713390727210
- kind: conda
  name: rattler-build
  version: 0.15.0
  build: h7ea99a0_0
  subdir: win-64
  url: https://conda.anaconda.org/conda-forge/win-64/rattler-build-0.15.0-h7ea99a0_0.conda
  sha256: a477de68c9774db427b85acf9cc0de6154ae79f17c26ef219b3e9bbc62170cc4
  md5: ca24907908a0382010234c1a117ec67a
  depends:
  - ucrt >=10.0.20348.0
  - vc >=14.2,<15
  - vc14_runtime >=14.29.30139
  license: BSD-3-Clause
  license_family: BSD
  size: 7194383
  timestamp: 1713392068197
- kind: conda
  name: rattler-build
  version: 0.15.0
  build: hd81679c_0
  subdir: osx-64
  url: https://conda.anaconda.org/conda-forge/osx-64/rattler-build-0.15.0-hd81679c_0.conda
  sha256: 0b0160466b300d35bfdb653c7ce1afafcf2a985d5ffac606148da7fd1084f44f
  md5: d05f80bd69affc1da6a60f415ac51342
  depends:
  - libcxx >=16
  constrains:
  - __osx >=10.12
  license: BSD-3-Clause
  license_family: BSD
  size: 7882297
  timestamp: 1713391855237
- kind: conda
  name: ucrt
  version: 10.0.22621.0
  build: h57928b3_0
  subdir: win-64
  url: https://conda.anaconda.org/conda-forge/win-64/ucrt-10.0.22621.0-h57928b3_0.tar.bz2
  sha256: f29cdaf8712008f6b419b8b1a403923b00ab2504bfe0fb2ba8eb60e72d4f14c6
  md5: 72608f6cd3e5898229c3ea16deb1ac43
  constrains:
  - vs2015_runtime >=14.29.30037
  license: LicenseRef-Proprietary
  license_family: PROPRIETARY
  size: 1283972
  timestamp: 1666630199266
- kind: conda
  name: vc
  version: '14.3'
  build: hcf57466_18
  build_number: 18
  subdir: win-64
  url: https://conda.anaconda.org/conda-forge/win-64/vc-14.3-hcf57466_18.conda
  sha256: 447a8d8292a7b2107dcc18afb67f046824711a652725fc0f522c368e7a7b8318
  md5: 20e1e652a4c740fa719002a8449994a2
  depends:
  - vc14_runtime >=14.38.33130
  track_features:
  - vc14
  license: BSD-3-Clause
  license_family: BSD
  size: 16977
  timestamp: 1702511255313
- kind: conda
  name: vc14_runtime
  version: 14.38.33130
  build: h82b7239_18
  build_number: 18
  subdir: win-64
  url: https://conda.anaconda.org/conda-forge/win-64/vc14_runtime-14.38.33130-h82b7239_18.conda
  sha256: bf94c9af4b2e9cba88207001197e695934eadc96a5c5e4cd7597e950aae3d8ff
  md5: 8be79fdd2725ddf7bbf8a27a4c1f79ba
  depends:
  - ucrt >=10.0.20348.0
  constrains:
  - vs2015_runtime 14.38.33130.* *_18
  license: LicenseRef-ProprietaryMicrosoft
  license_family: Proprietary
  size: 749868
  timestamp: 1702511239004
