version: 5
environments:
  default:
    channels:
    - url: https://conda.anaconda.org/conda-forge/
    packages:
      linux-64:
      - conda: https://conda.anaconda.org/conda-forge/linux-64/_libgcc_mutex-0.1-conda_forge.tar.bz2
      - conda: https://conda.anaconda.org/conda-forge/linux-64/_openmp_mutex-4.5-2_gnu.tar.bz2
      - conda: https://conda.anaconda.org/conda-forge/linux-64/ca-certificates-2024.6.2-hbcca054_0.conda
      - conda: https://conda.anaconda.org/conda-forge/linux-64/libgcc-14.2.0-h77fa898_1.conda
      - conda: https://conda.anaconda.org/conda-forge/linux-64/libgomp-14.2.0-h77fa898_1.conda
      - conda: https://conda.anaconda.org/conda-forge/linux-64/openssl-3.3.2-hb9d3cd8_0.conda
      - conda: https://conda.anaconda.org/conda-forge/linux-64/rattler-build-0.28.0-h51b9b6e_0.conda
      osx-64:
      - conda: https://conda.anaconda.org/conda-forge/osx-64/rattler-build-0.28.0-h0f13631_0.conda
      osx-arm64:
      - conda: https://conda.anaconda.org/conda-forge/osx-arm64/rattler-build-0.28.0-hcbb27f7_0.conda
      win-64:
      - conda: https://conda.anaconda.org/conda-forge/win-64/rattler-build-0.28.0-h49672d7_0.conda
      - conda: https://conda.anaconda.org/conda-forge/win-64/ucrt-10.0.22621.0-h57928b3_0.tar.bz2
      - conda: https://conda.anaconda.org/conda-forge/win-64/vc-14.3-h8a93ad2_20.conda
      - conda: https://conda.anaconda.org/conda-forge/win-64/vc14_runtime-14.40.33810-ha82c5b3_20.conda
packages:
- kind: conda
  name: _libgcc_mutex
  version: '0.1'
  build: conda_forge
  subdir: linux-64
  url: https://conda.anaconda.org/conda-forge/linux-64/_libgcc_mutex-0.1-conda_forge.tar.bz2
  sha256: fe51de6107f9edc7aa4f786a70f4a883943bc9d39b3bb7307c04c41410990726
  md5: d7c89558ba9fa0495403155b64376d81
  license: None
  size: 2562
  timestamp: 1578324546067
- kind: conda
  name: _openmp_mutex
  version: '4.5'
  build: 2_gnu
  build_number: 16
  subdir: linux-64
  url: https://conda.anaconda.org/conda-forge/linux-64/_openmp_mutex-4.5-2_gnu.tar.bz2
  sha256: fbe2c5e56a653bebb982eda4876a9178aedfc2b545f25d0ce9c4c0b508253d22
  md5: 73aaf86a425cc6e73fcf236a5a46396d
  depends:
  - _libgcc_mutex 0.1 conda_forge
  - libgomp >=7.5.0
  constrains:
  - openmp_impl 9999
  license: BSD-3-Clause
  license_family: BSD
  size: 23621
  timestamp: 1650670423406
- kind: conda
  name: ca-certificates
  version: 2024.6.2
  build: hbcca054_0
  subdir: linux-64
  url: https://conda.anaconda.org/conda-forge/linux-64/ca-certificates-2024.6.2-hbcca054_0.conda
  sha256: 979af0932b2a5a26112044891a2d79e402e5ae8166f50fa48b8ebae47c0a2d65
  md5: 847c3c2905cc467cea52c24f9cfa8080
  license: ISC
  size: 156035
  timestamp: 1717311767102
- kind: conda
  name: libgcc
  version: 14.2.0
  build: h77fa898_1
  build_number: 1
  subdir: linux-64
  url: https://conda.anaconda.org/conda-forge/linux-64/libgcc-14.2.0-h77fa898_1.conda
  sha256: 53eb8a79365e58849e7b1a068d31f4f9e718dc938d6f2c03e960345739a03569
  md5: 3cb76c3f10d3bc7f1105b2fc9db984df
  depends:
  - _libgcc_mutex 0.1 conda_forge
  - _openmp_mutex >=4.5
  constrains:
  - libgomp 14.2.0 h77fa898_1
  - libgcc-ng ==14.2.0=*_1
  license: GPL-3.0-only WITH GCC-exception-3.1
  license_family: GPL
  size: 848745
  timestamp: 1729027721139
- kind: conda
  name: libgomp
  version: 14.2.0
  build: h77fa898_1
  build_number: 1
  subdir: linux-64
  url: https://conda.anaconda.org/conda-forge/linux-64/libgomp-14.2.0-h77fa898_1.conda
  sha256: 1911c29975ec99b6b906904040c855772ccb265a1c79d5d75c8ceec4ed89cd63
  md5: cc3573974587f12dda90d96e3e55a702
  depends:
  - _libgcc_mutex 0.1 conda_forge
  license: GPL-3.0-only WITH GCC-exception-3.1
  license_family: GPL
  size: 460992
  timestamp: 1729027639220
- kind: conda
  name: openssl
  version: 3.3.2
  build: hb9d3cd8_0
  subdir: linux-64
  url: https://conda.anaconda.org/conda-forge/linux-64/openssl-3.3.2-hb9d3cd8_0.conda
  sha256: cee91036686419f6dd6086902acf7142b4916e1c4ba042e9ca23e151da012b6d
  md5: 4d638782050ab6faa27275bed57e9b4e
  depends:
  - __glibc >=2.17,<3.0.a0
  - ca-certificates
  - libgcc >=13
  license: Apache-2.0
  license_family: Apache
  size: 2891789
  timestamp: 1725410790053
- kind: conda
  name: rattler-build
  version: 0.28.0
  build: h0f13631_0
  subdir: osx-64
  url: https://conda.anaconda.org/conda-forge/osx-64/rattler-build-0.28.0-h0f13631_0.conda
  sha256: e59e0012a459de62cb7c571fa17322ebd2aa13ba071c4b908ada59a5d40fa352
  md5: 162bd0e2a754101615a29b3cba0d4126
  depends:
  - __osx >=10.13
  constrains:
  - __osx >=10.13
  license: BSD-3-Clause
  license_family: BSD
  size: 8892608
  timestamp: 1729534133066
- kind: conda
  name: rattler-build
  version: 0.28.0
  build: h49672d7_0
  subdir: win-64
  url: https://conda.anaconda.org/conda-forge/win-64/rattler-build-0.28.0-h49672d7_0.conda
  sha256: f6ba70971af6f7fdb3d37d37521674247cf2d8d0ae3234df70c12b377669fa39
  md5: 2afe97700436cbde1028fa5cd31550cb
  depends:
  - ucrt >=10.0.20348.0
  - vc >=14.3,<15
  - vc14_runtime >=14.40.33810
  license: BSD-3-Clause
  license_family: BSD
  size: 8429399
  timestamp: 1729534597923
- kind: conda
  name: rattler-build
  version: 0.28.0
  build: h51b9b6e_0
  subdir: linux-64
  url: https://conda.anaconda.org/conda-forge/linux-64/rattler-build-0.28.0-h51b9b6e_0.conda
  sha256: 5601bded1695d6e6069c4bb7a38126c8aa765004bb1b4bf4c3d282bd2b36c1c0
  md5: 178d902a1d285c0c9b617549f125c8c8
  depends:
  - __glibc >=2.17,<3.0.a0
  - openssl >=3.3.2,<4.0a0
  constrains:
  - __glibc >=2.17
  license: BSD-3-Clause
  license_family: BSD
  size: 10599929
  timestamp: 1729533442647
- kind: conda
  name: rattler-build
  version: 0.28.0
  build: hcbb27f7_0
  subdir: osx-arm64
  url: https://conda.anaconda.org/conda-forge/osx-arm64/rattler-build-0.28.0-hcbb27f7_0.conda
  sha256: 200700536061661bd12f6cfdd363c583c54a75417ca2dad9a4ce1b1e6190d1d4
  md5: 920ff407f4a89d4616022901df471219
  depends:
  - __osx >=11.0
  constrains:
  - __osx >=11.0
  license: BSD-3-Clause
  license_family: BSD
  size: 8577224
  timestamp: 1729590830851
- kind: conda
  name: ucrt
  version: 10.0.22621.0
  build: h57928b3_0
  subdir: win-64
  url: https://conda.anaconda.org/conda-forge/win-64/ucrt-10.0.22621.0-h57928b3_0.tar.bz2
  sha256: f29cdaf8712008f6b419b8b1a403923b00ab2504bfe0fb2ba8eb60e72d4f14c6
  md5: 72608f6cd3e5898229c3ea16deb1ac43
  constrains:
  - vs2015_runtime >=14.29.30037
  license: LicenseRef-Proprietary
  license_family: PROPRIETARY
  size: 1283972
  timestamp: 1666630199266
- kind: conda
  name: vc
  version: '14.3'
  build: h8a93ad2_20
  build_number: 20
  subdir: win-64
  url: https://conda.anaconda.org/conda-forge/win-64/vc-14.3-h8a93ad2_20.conda
  sha256: 23ac5feb15a9adf3ab2b8c4dcd63650f8b7ae860c5ceb073e49cf71d203eddef
  md5: 8558f367e1d7700554f7cdb823c46faf
  depends:
  - vc14_runtime >=14.40.33810
  track_features:
  - vc14
  license: BSD-3-Clause
  license_family: BSD
  size: 17391
  timestamp: 1717709040616
- kind: conda
  name: vc14_runtime
  version: 14.40.33810
  build: ha82c5b3_20
  build_number: 20
  subdir: win-64
  url: https://conda.anaconda.org/conda-forge/win-64/vc14_runtime-14.40.33810-ha82c5b3_20.conda
  sha256: af3cfa347e3d7c1277e9b964b0849a9a9f095bff61836cb3c3a89862fbc32e17
  md5: e39cc4c34c53654ec939558993d9dc5b
  depends:
  - ucrt >=10.0.20348.0
  constrains:
  - vs2015_runtime 14.40.33810.* *_20
  license: LicenseRef-ProprietaryMicrosoft
  license_family: Proprietary
  size: 751934
  timestamp: 1717709031266
